// !$*UTF8*$!
{
	archiveVersion = 1;
	classes = {
	};
	objectVersion = 56;
	objects = {

/* Begin PBXBuildFile section */
		AD4F96A22B83A9D8007594C5 /* QuizzlerView.swift in Sources */ = {isa = PBXBuildFile; fileRef = AD4F96A12B83A9D8007594C5 /* QuizzlerView.swift */; };
		AD4F96A52B83C95B007594C5 /* Question.swift in Sources */ = {isa = PBXBuildFile; fileRef = AD4F96A42B83C95B007594C5 /* Question.swift */; };
		AD4F96A72B83CA29007594C5 /* QuizBrain.swift in Sources */ = {isa = PBXBuildFile; fileRef = AD4F96A62B83CA29007594C5 /* QuizBrain.swift */; };
		AD4F96A92B84E4EB007594C5 /* MainTabBarController.swift in Sources */ = {isa = PBXBuildFile; fileRef = AD4F96A82B84E4EB007594C5 /* MainTabBarController.swift */; };
		ADBEF6BB2B824CF200453BB5 /* AppDelegate.swift in Sources */ = {isa = PBXBuildFile; fileRef = ADBEF6BA2B824CF200453BB5 /* AppDelegate.swift */; };
		ADBEF6BD2B824CF200453BB5 /* SceneDelegate.swift in Sources */ = {isa = PBXBuildFile; fileRef = ADBEF6BC2B824CF200453BB5 /* SceneDelegate.swift */; };
		ADBEF6C42B824CF400453BB5 /* Assets.xcassets in Resources */ = {isa = PBXBuildFile; fileRef = ADBEF6C32B824CF400453BB5 /* Assets.xcassets */; };
		ADBEF6C72B824CF400453BB5 /* LaunchScreen.storyboard in Resources */ = {isa = PBXBuildFile; fileRef = ADBEF6C52B824CF400453BB5 /* LaunchScreen.storyboard */; };
		ADBEF6D22B824E8800453BB5 /* QuizViewController.swift in Sources */ = {isa = PBXBuildFile; fileRef = ADBEF6D12B824E8800453BB5 /* QuizViewController.swift */; };
/* End PBXBuildFile section */

/* Begin PBXFileReference section */
		AD4F96A12B83A9D8007594C5 /* QuizzlerView.swift */ = {isa = PBXFileReference; lastKnownFileType = sourcecode.swift; path = QuizzlerView.swift; sourceTree = "<group>"; };
		AD4F96A42B83C95B007594C5 /* Question.swift */ = {isa = PBXFileReference; lastKnownFileType = sourcecode.swift; path = Question.swift; sourceTree = "<group>"; };
		AD4F96A62B83CA29007594C5 /* QuizBrain.swift */ = {isa = PBXFileReference; lastKnownFileType = sourcecode.swift; path = QuizBrain.swift; sourceTree = "<group>"; };
		AD4F96A82B84E4EB007594C5 /* MainTabBarController.swift */ = {isa = PBXFileReference; lastKnownFileType = sourcecode.swift; path = MainTabBarController.swift; sourceTree = "<group>"; };
		ADBEF6B72B824CF200453BB5 /* QuizzlerApp.app */ = {isa = PBXFileReference; explicitFileType = wrapper.application; includeInIndex = 0; path = QuizzlerApp.app; sourceTree = BUILT_PRODUCTS_DIR; };
		ADBEF6BA2B824CF200453BB5 /* AppDelegate.swift */ = {isa = PBXFileReference; lastKnownFileType = sourcecode.swift; path = AppDelegate.swift; sourceTree = "<group>"; };
		ADBEF6BC2B824CF200453BB5 /* SceneDelegate.swift */ = {isa = PBXFileReference; lastKnownFileType = sourcecode.swift; path = SceneDelegate.swift; sourceTree = "<group>"; };
		ADBEF6C32B824CF400453BB5 /* Assets.xcassets */ = {isa = PBXFileReference; lastKnownFileType = folder.assetcatalog; path = Assets.xcassets; sourceTree = "<group>"; };
		ADBEF6C62B824CF400453BB5 /* Base */ = {isa = PBXFileReference; lastKnownFileType = file.storyboard; name = Base; path = Base.lproj/LaunchScreen.storyboard; sourceTree = "<group>"; };
		ADBEF6C82B824CF400453BB5 /* Info.plist */ = {isa = PBXFileReference; lastKnownFileType = text.plist.xml; path = Info.plist; sourceTree = "<group>"; };
		ADBEF6D12B824E8800453BB5 /* QuizViewController.swift */ = {isa = PBXFileReference; lastKnownFileType = sourcecode.swift; path = QuizViewController.swift; sourceTree = "<group>"; };
/* End PBXFileReference section */

/* Begin PBXFrameworksBuildPhase section */
		ADBEF6B42B824CF200453BB5 /* Frameworks */ = {
			isa = PBXFrameworksBuildPhase;
			buildActionMask = 2147483647;
			files = (
			);
			runOnlyForDeploymentPostprocessing = 0;
		};
/* End PBXFrameworksBuildPhase section */

/* Begin PBXGroup section */
		AD4F96A32B83C942007594C5 /* Model */ = {
			isa = PBXGroup;
			children = (
				AD4F96A42B83C95B007594C5 /* Question.swift */,
				AD4F96A62B83CA29007594C5 /* QuizBrain.swift */,
			);
			path = Model;
			sourceTree = "<group>";
		};
		ADBEF6AE2B824CF200453BB5 = {
			isa = PBXGroup;
			children = (
				ADBEF6B92B824CF200453BB5 /* QuizzlerApp */,
				ADBEF6B82B824CF200453BB5 /* Products */,
			);
			sourceTree = "<group>";
		};
		ADBEF6B82B824CF200453BB5 /* Products */ = {
			isa = PBXGroup;
			children = (
				ADBEF6B72B824CF200453BB5 /* QuizzlerApp.app */,
			);
			name = Products;
			sourceTree = "<group>";
		};
		ADBEF6B92B824CF200453BB5 /* QuizzlerApp */ = {
			isa = PBXGroup;
			children = (
				ADBEF6CE2B824DCF00453BB5 /* Application */,
				AD4F96A32B83C942007594C5 /* Model */,
				ADBEF6D32B82523E00453BB5 /* ViewControllers */,
				ADBEF6CF2B824DE000453BB5 /* Resources */,
				ADBEF6D02B824DE900453BB5 /* SupportingFiles */,
			);
			path = QuizzlerApp;
			sourceTree = "<group>";
		};
		ADBEF6CE2B824DCF00453BB5 /* Application */ = {
			isa = PBXGroup;
			children = (
				ADBEF6BA2B824CF200453BB5 /* AppDelegate.swift */,
				ADBEF6BC2B824CF200453BB5 /* SceneDelegate.swift */,
			);
			path = Application;
			sourceTree = "<group>";
		};
		ADBEF6CF2B824DE000453BB5 /* Resources */ = {
			isa = PBXGroup;
			children = (
				ADBEF6C32B824CF400453BB5 /* Assets.xcassets */,
			);
			path = Resources;
			sourceTree = "<group>";
		};
		ADBEF6D02B824DE900453BB5 /* SupportingFiles */ = {
			isa = PBXGroup;
			children = (
				ADBEF6C52B824CF400453BB5 /* LaunchScreen.storyboard */,
				ADBEF6C82B824CF400453BB5 /* Info.plist */,
			);
			path = SupportingFiles;
			sourceTree = "<group>";
		};
		ADBEF6D32B82523E00453BB5 /* ViewControllers */ = {
			isa = PBXGroup;
			children = (
				ADBEF6D12B824E8800453BB5 /* QuizViewController.swift */,
				AD4F96A12B83A9D8007594C5 /* QuizzlerView.swift */,
				AD4F96A82B84E4EB007594C5 /* MainTabBarController.swift */,
			);
			path = ViewControllers;
			sourceTree = "<group>";
		};
/* End PBXGroup section */

/* Begin PBXNativeTarget section */
		ADBEF6B62B824CF200453BB5 /* QuizzlerApp */ = {
			isa = PBXNativeTarget;
			buildConfigurationList = ADBEF6CB2B824CF400453BB5 /* Build configuration list for PBXNativeTarget "QuizzlerApp" */;
			buildPhases = (
				ADBEF6B32B824CF200453BB5 /* Sources */,
				ADBEF6B42B824CF200453BB5 /* Frameworks */,
				ADBEF6B52B824CF200453BB5 /* Resources */,
			);
			buildRules = (
			);
			dependencies = (
			);
			name = QuizzlerApp;
			productName = QuizzlerApp;
			productReference = ADBEF6B72B824CF200453BB5 /* QuizzlerApp.app */;
			productType = "com.apple.product-type.application";
		};
/* End PBXNativeTarget section */

/* Begin PBXProject section */
		ADBEF6AF2B824CF200453BB5 /* Project object */ = {
			isa = PBXProject;
			attributes = {
				BuildIndependentTargetsInParallel = 1;
				LastSwiftUpdateCheck = 1430;
				LastUpgradeCheck = 1430;
				TargetAttributes = {
					ADBEF6B62B824CF200453BB5 = {
						CreatedOnToolsVersion = 14.3.1;
					};
				};
			};
			buildConfigurationList = ADBEF6B22B824CF200453BB5 /* Build configuration list for PBXProject "QuizzlerApp" */;
			compatibilityVersion = "Xcode 14.0";
			developmentRegion = en;
			hasScannedForEncodings = 0;
			knownRegions = (
				en,
				Base,
			);
			mainGroup = ADBEF6AE2B824CF200453BB5;
			productRefGroup = ADBEF6B82B824CF200453BB5 /* Products */;
			projectDirPath = "";
			projectRoot = "";
			targets = (
				ADBEF6B62B824CF200453BB5 /* QuizzlerApp */,
			);
		};
/* End PBXProject section */

/* Begin PBXResourcesBuildPhase section */
		ADBEF6B52B824CF200453BB5 /* Resources */ = {
			isa = PBXResourcesBuildPhase;
			buildActionMask = 2147483647;
			files = (
				ADBEF6C72B824CF400453BB5 /* LaunchScreen.storyboard in Resources */,
				ADBEF6C42B824CF400453BB5 /* Assets.xcassets in Resources */,
			);
			runOnlyForDeploymentPostprocessing = 0;
		};
/* End PBXResourcesBuildPhase section */

/* Begin PBXSourcesBuildPhase section */
		ADBEF6B32B824CF200453BB5 /* Sources */ = {
			isa = PBXSourcesBuildPhase;
			buildActionMask = 2147483647;
			files = (
				AD4F96A52B83C95B007594C5 /* Question.swift in Sources */,
				ADBEF6D22B824E8800453BB5 /* QuizViewController.swift in Sources */,
				ADBEF6BB2B824CF200453BB5 /* AppDelegate.swift in Sources */,
				AD4F96A92B84E4EB007594C5 /* MainTabBarController.swift in Sources */,
				AD4F96A72B83CA29007594C5 /* QuizBrain.swift in Sources */,
				AD4F96A22B83A9D8007594C5 /* QuizzlerView.swift in Sources */,
				ADBEF6BD2B824CF200453BB5 /* SceneDelegate.swift in Sources */,
			);
			runOnlyForDeploymentPostprocessing = 0;
		};
/* End PBXSourcesBuildPhase section */

/* Begin PBXVariantGroup section */
		ADBEF6C52B824CF400453BB5 /* LaunchScreen.storyboard */ = {
			isa = PBXVariantGroup;
			children = (
				ADBEF6C62B824CF400453BB5 /* Base */,
			);
			name = LaunchScreen.storyboard;
			sourceTree = "<group>";
		};
/* End PBXVariantGroup section */

/* Begin XCBuildConfiguration section */
		ADBEF6C92B824CF400453BB5 /* Debug */ = {
			isa = XCBuildConfiguration;
			buildSettings = {
				ALWAYS_SEARCH_USER_PATHS = NO;
				CLANG_ANALYZER_NONNULL = YES;
				CLANG_ANALYZER_NUMBER_OBJECT_CONVERSION = YES_AGGRESSIVE;
				CLANG_CXX_LANGUAGE_STANDARD = "gnu++20";
				CLANG_ENABLE_MODULES = YES;
				CLANG_ENABLE_OBJC_ARC = YES;
				CLANG_ENABLE_OBJC_WEAK = YES;
				CLANG_WARN_BLOCK_CAPTURE_AUTORELEASING = YES;
				CLANG_WARN_BOOL_CONVERSION = YES;
				CLANG_WARN_COMMA = YES;
				CLANG_WARN_CONSTANT_CONVERSION = YES;
				CLANG_WARN_DEPRECATED_OBJC_IMPLEMENTATIONS = YES;
				CLANG_WARN_DIRECT_OBJC_ISA_USAGE = YES_ERROR;
				CLANG_WARN_DOCUMENTATION_COMMENTS = YES;
				CLANG_WARN_EMPTY_BODY = YES;
				CLANG_WARN_ENUM_CONVERSION = YES;
				CLANG_WARN_INFINITE_RECURSION = YES;
				CLANG_WARN_INT_CONVERSION = YES;
				CLANG_WARN_NON_LITERAL_NULL_CONVERSION = YES;
				CLANG_WARN_OBJC_IMPLICIT_RETAIN_SELF = YES;
				CLANG_WARN_OBJC_LITERAL_CONVERSION = YES;
				CLANG_WARN_OBJC_ROOT_CLASS = YES_ERROR;
				CLANG_WARN_QUOTED_INCLUDE_IN_FRAMEWORK_HEADER = YES;
				CLANG_WARN_RANGE_LOOP_ANALYSIS = YES;
				CLANG_WARN_STRICT_PROTOTYPES = YES;
				CLANG_WARN_SUSPICIOUS_MOVE = YES;
				CLANG_WARN_UNGUARDED_AVAILABILITY = YES_AGGRESSIVE;
				CLANG_WARN_UNREACHABLE_CODE = YES;
				CLANG_WARN__DUPLICATE_METHOD_MATCH = YES;
				COPY_PHASE_STRIP = NO;
				DEBUG_INFORMATION_FORMAT = dwarf;
				ENABLE_STRICT_OBJC_MSGSEND = YES;
				ENABLE_TESTABILITY = YES;
				GCC_C_LANGUAGE_STANDARD = gnu11;
				GCC_DYNAMIC_NO_PIC = NO;
				GCC_NO_COMMON_BLOCKS = YES;
				GCC_OPTIMIZATION_LEVEL = 0;
				GCC_PREPROCESSOR_DEFINITIONS = (
					"DEBUG=1",
					"$(inherited)",
				);
				GCC_WARN_64_TO_32_BIT_CONVERSION = YES;
				GCC_WARN_ABOUT_RETURN_TYPE = YES_ERROR;
				GCC_WARN_UNDECLARED_SELECTOR = YES;
				GCC_WARN_UNINITIALIZED_AUTOS = YES_AGGRESSIVE;
				GCC_WARN_UNUSED_FUNCTION = YES;
				GCC_WARN_UNUSED_VARIABLE = YES;
				IPHONEOS_DEPLOYMENT_TARGET = 16.4;
				MTL_ENABLE_DEBUG_INFO = INCLUDE_SOURCE;
				MTL_FAST_MATH = YES;
				ONLY_ACTIVE_ARCH = YES;
				SDKROOT = iphoneos;
				SWIFT_ACTIVE_COMPILATION_CONDITIONS = DEBUG;
				SWIFT_OPTIMIZATION_LEVEL = "-Onone";
			};
			name = Debug;
		};
		ADBEF6CA2B824CF400453BB5 /* Release */ = {
			isa = XCBuildConfiguration;
			buildSettings = {
				ALWAYS_SEARCH_USER_PATHS = NO;
				CLANG_ANALYZER_NONNULL = YES;
				CLANG_ANALYZER_NUMBER_OBJECT_CONVERSION = YES_AGGRESSIVE;
				CLANG_CXX_LANGUAGE_STANDARD = "gnu++20";
				CLANG_ENABLE_MODULES = YES;
				CLANG_ENABLE_OBJC_ARC = YES;
				CLANG_ENABLE_OBJC_WEAK = YES;
				CLANG_WARN_BLOCK_CAPTURE_AUTORELEASING = YES;
				CLANG_WARN_BOOL_CONVERSION = YES;
				CLANG_WARN_COMMA = YES;
				CLANG_WARN_CONSTANT_CONVERSION = YES;
				CLANG_WARN_DEPRECATED_OBJC_IMPLEMENTATIONS = YES;
				CLANG_WARN_DIRECT_OBJC_ISA_USAGE = YES_ERROR;
				CLANG_WARN_DOCUMENTATION_COMMENTS = YES;
				CLANG_WARN_EMPTY_BODY = YES;
				CLANG_WARN_ENUM_CONVERSION = YES;
				CLANG_WARN_INFINITE_RECURSION = YES;
				CLANG_WARN_INT_CONVERSION = YES;
				CLANG_WARN_NON_LITERAL_NULL_CONVERSION = YES;
				CLANG_WARN_OBJC_IMPLICIT_RETAIN_SELF = YES;
				CLANG_WARN_OBJC_LITERAL_CONVERSION = YES;
				CLANG_WARN_OBJC_ROOT_CLASS = YES_ERROR;
				CLANG_WARN_QUOTED_INCLUDE_IN_FRAMEWORK_HEADER = YES;
				CLANG_WARN_RANGE_LOOP_ANALYSIS = YES;
				CLANG_WARN_STRICT_PROTOTYPES = YES;
				CLANG_WARN_SUSPICIOUS_MOVE = YES;
				CLANG_WARN_UNGUARDED_AVAILABILITY = YES_AGGRESSIVE;
				CLANG_WARN_UNREACHABLE_CODE = YES;
				CLANG_WARN__DUPLICATE_METHOD_MATCH = YES;
				COPY_PHASE_STRIP = NO;
				DEBUG_INFORMATION_FORMAT = "dwarf-with-dsym";
				ENABLE_NS_ASSERTIONS = NO;
				ENABLE_STRICT_OBJC_MSGSEND = YES;
				GCC_C_LANGUAGE_STANDARD = gnu11;
				GCC_NO_COMMON_BLOCKS = YES;
				GCC_WARN_64_TO_32_BIT_CONVERSION = YES;
				GCC_WARN_ABOUT_RETURN_TYPE = YES_ERROR;
				GCC_WARN_UNDECLARED_SELECTOR = YES;
				GCC_WARN_UNINITIALIZED_AUTOS = YES_AGGRESSIVE;
				GCC_WARN_UNUSED_FUNCTION = YES;
				GCC_WARN_UNUSED_VARIABLE = YES;
				IPHONEOS_DEPLOYMENT_TARGET = 16.4;
				MTL_ENABLE_DEBUG_INFO = NO;
				MTL_FAST_MATH = YES;
				SDKROOT = iphoneos;
				SWIFT_COMPILATION_MODE = wholemodule;
				SWIFT_OPTIMIZATION_LEVEL = "-O";
				VALIDATE_PRODUCT = YES;
			};
			name = Release;
		};
		ADBEF6CC2B824CF400453BB5 /* Debug */ = {
			isa = XCBuildConfiguration;
			buildSettings = {
				ASSETCATALOG_COMPILER_APPICON_NAME = AppIcon;
				ASSETCATALOG_COMPILER_GLOBAL_ACCENT_COLOR_NAME = AccentColor;
				CODE_SIGN_STYLE = Automatic;
				CURRENT_PROJECT_VERSION = 1;
				DEVELOPMENT_TEAM = JPSP84G8W5;
				GENERATE_INFOPLIST_FILE = YES;
				INFOPLIST_FILE = QuizzlerApp/SupportingFiles/Info.plist;
				INFOPLIST_KEY_UIApplicationSupportsIndirectInputEvents = YES;
				INFOPLIST_KEY_UILaunchStoryboardName = LaunchScreen;
				INFOPLIST_KEY_UIStatusBarStyle = UIStatusBarStyleLightContent;
				INFOPLIST_KEY_UISupportedInterfaceOrientations_iPad = "UIInterfaceOrientationPortrait UIInterfaceOrientationPortraitUpsideDown UIInterfaceOrientationLandscapeLeft UIInterfaceOrientationLandscapeRight";
				INFOPLIST_KEY_UISupportedInterfaceOrientations_iPhone = "UIInterfaceOrientationPortrait UIInterfaceOrientationLandscapeLeft UIInterfaceOrientationLandscapeRight";
				LD_RUNPATH_SEARCH_PATHS = (
					"$(inherited)",
					"@executable_path/Frameworks",
				);
				MARKETING_VERSION = 1.0;
				PRODUCT_BUNDLE_IDENTIFIER = ru.maksimovnick.QuizzlerApp;
				PRODUCT_NAME = "$(TARGET_NAME)";
				SWIFT_EMIT_LOC_STRINGS = YES;
				SWIFT_VERSION = 5.0;
				TARGETED_DEVICE_FAMILY = "1,2";
			};
			name = Debug;
		};
		ADBEF6CD2B824CF400453BB5 /* Release */ = {
			isa = XCBuildConfiguration;
			buildSettings = {
				ASSETCATALOG_COMPILER_APPICON_NAME = AppIcon;
				ASSETCATALOG_COMPILER_GLOBAL_ACCENT_COLOR_NAME = AccentColor;
				CODE_SIGN_STYLE = Automatic;
				CURRENT_PROJECT_VERSION = 1;
				DEVELOPMENT_TEAM = JPSP84G8W5;
				GENERATE_INFOPLIST_FILE = YES;
				INFOPLIST_FILE = QuizzlerApp/SupportingFiles/Info.plist;
				INFOPLIST_KEY_UIApplicationSupportsIndirectInputEvents = YES;
				INFOPLIST_KEY_UILaunchStoryboardName = LaunchScreen;
				INFOPLIST_KEY_UIStatusBarStyle = UIStatusBarStyleLightContent;
				INFOPLIST_KEY_UISupportedInterfaceOrientations_iPad = "UIInterfaceOrientationPortrait UIInterfaceOrientationPortraitUpsideDown UIInterfaceOrientationLandscapeLeft UIInterfaceOrientationLandscapeRight";
				INFOPLIST_KEY_UISupportedInterfaceOrientations_iPhone = "UIInterfaceOrientationPortrait UIInterfaceOrientationLandscapeLeft UIInterfaceOrientationLandscapeRight";
				LD_RUNPATH_SEARCH_PATHS = (
					"$(inherited)",
					"@executable_path/Frameworks",
				);
				MARKETING_VERSION = 1.0;
				PRODUCT_BUNDLE_IDENTIFIER = ru.maksimovnick.QuizzlerApp;
				PRODUCT_NAME = "$(TARGET_NAME)";
				SWIFT_EMIT_LOC_STRINGS = YES;
				SWIFT_VERSION = 5.0;
				TARGETED_DEVICE_FAMILY = "1,2";
			};
			name = Release;
		};
/* End XCBuildConfiguration section */

/* Begin XCConfigurationList section */
		ADBEF6B22B824CF200453BB5 /* Build configuration list for PBXProject "QuizzlerApp" */ = {
			isa = XCConfigurationList;
			buildConfigurations = (
				ADBEF6C92B824CF400453BB5 /* Debug */,
				ADBEF6CA2B824CF400453BB5 /* Release */,
			);
			defaultConfigurationIsVisible = 0;
			defaultConfigurationName = Release;
		};
		ADBEF6CB2B824CF400453BB5 /* Build configuration list for PBXNativeTarget "QuizzlerApp" */ = {
			isa = XCConfigurationList;
			buildConfigurations = (
				ADBEF6CC2B824CF400453BB5 /* Debug */,
				ADBEF6CD2B824CF400453BB5 /* Release */,
			);
			defaultConfigurationIsVisible = 0;
			defaultConfigurationName = Release;
		};
/* End XCConfigurationList section */
	};
	rootObject = ADBEF6AF2B824CF200453BB5 /* Project object */;
}
