// !$*UTF8*$!
{
	archiveVersion = 1;
	classes = {
	};
	objectVersion = 56;
	objects = {

/* Begin PBXBuildFile section */
		AD3BA6142B74178600D115A8 /* AppDelegate.swift in Sources */ = {isa = PBXBuildFile; fileRef = AD3BA6132B74178600D115A8 /* AppDelegate.swift */; };
		AD3BA6162B74178600D115A8 /* SceneDelegate.swift in Sources */ = {isa = PBXBuildFile; fileRef = AD3BA6152B74178600D115A8 /* SceneDelegate.swift */; };
		AD3BA6182B74178600D115A8 /* MainViewController.swift in Sources */ = {isa = PBXBuildFile; fileRef = AD3BA6172B74178600D115A8 /* MainViewController.swift */; };
		AD3BA61D2B74178700D115A8 /* Assets.xcassets in Resources */ = {isa = PBXBuildFile; fileRef = AD3BA61C2B74178700D115A8 /* Assets.xcassets */; };
		AD3BA6202B74178700D115A8 /* LaunchScreen.storyboard in Resources */ = {isa = PBXBuildFile; fileRef = AD3BA61E2B74178700D115A8 /* LaunchScreen.storyboard */; };
		AD3BA6302B75272D00D115A8 /* DiceLogoView.swift in Sources */ = {isa = PBXBuildFile; fileRef = AD3BA62F2B75272D00D115A8 /* DiceLogoView.swift */; };
		AD3BA6332B7527DF00D115A8 /* UIImageView+extension.swift in Sources */ = {isa = PBXBuildFile; fileRef = AD3BA6322B7527DF00D115A8 /* UIImageView+extension.swift */; };
		AD3BA6362B75287D00D115A8 /* ProjectImage.swift in Sources */ = {isa = PBXBuildFile; fileRef = AD3BA6352B75287D00D115A8 /* ProjectImage.swift */; };
		AD3BA6382B752B2F00D115A8 /* DiceView.swift in Sources */ = {isa = PBXBuildFile; fileRef = AD3BA6372B752B2F00D115A8 /* DiceView.swift */; };
		AD3BA63A2B752DE500D115A8 /* RollButtonView.swift in Sources */ = {isa = PBXBuildFile; fileRef = AD3BA6392B752DE500D115A8 /* RollButtonView.swift */; };
/* End PBXBuildFile section */

/* Begin PBXFileReference section */
		AD3BA6102B74178600D115A8 /* DiceeApp.app */ = {isa = PBXFileReference; explicitFileType = wrapper.application; includeInIndex = 0; path = DiceeApp.app; sourceTree = BUILT_PRODUCTS_DIR; };
		AD3BA6132B74178600D115A8 /* AppDelegate.swift */ = {isa = PBXFileReference; lastKnownFileType = sourcecode.swift; path = AppDelegate.swift; sourceTree = "<group>"; };
		AD3BA6152B74178600D115A8 /* SceneDelegate.swift */ = {isa = PBXFileReference; lastKnownFileType = sourcecode.swift; path = SceneDelegate.swift; sourceTree = "<group>"; };
		AD3BA6172B74178600D115A8 /* MainViewController.swift */ = {isa = PBXFileReference; lastKnownFileType = sourcecode.swift; path = MainViewController.swift; sourceTree = "<group>"; };
		AD3BA61C2B74178700D115A8 /* Assets.xcassets */ = {isa = PBXFileReference; lastKnownFileType = folder.assetcatalog; path = Assets.xcassets; sourceTree = "<group>"; };
		AD3BA61F2B74178700D115A8 /* Base */ = {isa = PBXFileReference; lastKnownFileType = file.storyboard; name = Base; path = Base.lproj/LaunchScreen.storyboard; sourceTree = "<group>"; };
		AD3BA6212B74178700D115A8 /* Info.plist */ = {isa = PBXFileReference; lastKnownFileType = text.plist.xml; path = Info.plist; sourceTree = "<group>"; };
		AD3BA62F2B75272D00D115A8 /* DiceLogoView.swift */ = {isa = PBXFileReference; lastKnownFileType = sourcecode.swift; path = DiceLogoView.swift; sourceTree = "<group>"; };
		AD3BA6322B7527DF00D115A8 /* UIImageView+extension.swift */ = {isa = PBXFileReference; lastKnownFileType = sourcecode.swift; path = "UIImageView+extension.swift"; sourceTree = "<group>"; };
		AD3BA6352B75287D00D115A8 /* ProjectImage.swift */ = {isa = PBXFileReference; lastKnownFileType = sourcecode.swift; path = ProjectImage.swift; sourceTree = "<group>"; };
		AD3BA6372B752B2F00D115A8 /* DiceView.swift */ = {isa = PBXFileReference; lastKnownFileType = sourcecode.swift; path = DiceView.swift; sourceTree = "<group>"; };
		AD3BA6392B752DE500D115A8 /* RollButtonView.swift */ = {isa = PBXFileReference; lastKnownFileType = sourcecode.swift; path = RollButtonView.swift; sourceTree = "<group>"; };
/* End PBXFileReference section */

/* Begin PBXFrameworksBuildPhase section */
		AD3BA60D2B74178600D115A8 /* Frameworks */ = {
			isa = PBXFrameworksBuildPhase;
			buildActionMask = 2147483647;
			files = (
			);
			runOnlyForDeploymentPostprocessing = 0;
		};
/* End PBXFrameworksBuildPhase section */

/* Begin PBXGroup section */
		AD3BA6072B74178600D115A8 = {
			isa = PBXGroup;
			children = (
				AD3BA6122B74178600D115A8 /* DiceeApp */,
				AD3BA6112B74178600D115A8 /* Products */,
			);
			sourceTree = "<group>";
		};
		AD3BA6112B74178600D115A8 /* Products */ = {
			isa = PBXGroup;
			children = (
				AD3BA6102B74178600D115A8 /* DiceeApp.app */,
			);
			name = Products;
			sourceTree = "<group>";
		};
		AD3BA6122B74178600D115A8 /* DiceeApp */ = {
			isa = PBXGroup;
			children = (
				AD3BA6272B7417A600D115A8 /* Application */,
				AD3BA6342B75284000D115A8 /* Helpers */,
				AD3BA6312B7527B500D115A8 /* Extensions */,
				AD3BA6282B7417B000D115A8 /* ViewControllers */,
				AD3BA6292B7417B800D115A8 /* Resources */,
				AD3BA62A2B7417D200D115A8 /* SupportingFiles */,
			);
			path = DiceeApp;
			sourceTree = "<group>";
		};
		AD3BA6272B7417A600D115A8 /* Application */ = {
			isa = PBXGroup;
			children = (
				AD3BA6132B74178600D115A8 /* AppDelegate.swift */,
				AD3BA6152B74178600D115A8 /* SceneDelegate.swift */,
			);
			path = Application;
			sourceTree = "<group>";
		};
		AD3BA6282B7417B000D115A8 /* ViewControllers */ = {
			isa = PBXGroup;
			children = (
				AD3BA62E2B7526D700D115A8 /* Views */,
				AD3BA6172B74178600D115A8 /* MainViewController.swift */,
			);
			path = ViewControllers;
			sourceTree = "<group>";
		};
		AD3BA6292B7417B800D115A8 /* Resources */ = {
			isa = PBXGroup;
			children = (
				AD3BA61C2B74178700D115A8 /* Assets.xcassets */,
			);
			path = Resources;
			sourceTree = "<group>";
		};
		AD3BA62A2B7417D200D115A8 /* SupportingFiles */ = {
			isa = PBXGroup;
			children = (
				AD3BA61E2B74178700D115A8 /* LaunchScreen.storyboard */,
				AD3BA6212B74178700D115A8 /* Info.plist */,
			);
			path = SupportingFiles;
			sourceTree = "<group>";
		};
		AD3BA62E2B7526D700D115A8 /* Views */ = {
			isa = PBXGroup;
			children = (
				AD3BA62F2B75272D00D115A8 /* DiceLogoView.swift */,
				AD3BA6372B752B2F00D115A8 /* DiceView.swift */,
				AD3BA6392B752DE500D115A8 /* RollButtonView.swift */,
			);
			path = Views;
			sourceTree = "<group>";
		};
		AD3BA6312B7527B500D115A8 /* Extensions */ = {
			isa = PBXGroup;
			children = (
				AD3BA6322B7527DF00D115A8 /* UIImageView+extension.swift */,
			);
			path = Extensions;
			sourceTree = "<group>";
		};
		AD3BA6342B75284000D115A8 /* Helpers */ = {
			isa = PBXGroup;
			children = (
				AD3BA6352B75287D00D115A8 /* ProjectImage.swift */,
			);
			path = Helpers;
			sourceTree = "<group>";
		};
/* End PBXGroup section */

/* Begin PBXNativeTarget section */
		AD3BA60F2B74178600D115A8 /* DiceeApp */ = {
			isa = PBXNativeTarget;
			buildConfigurationList = AD3BA6242B74178700D115A8 /* Build configuration list for PBXNativeTarget "DiceeApp" */;
			buildPhases = (
				AD3BA60C2B74178600D115A8 /* Sources */,
				AD3BA60D2B74178600D115A8 /* Frameworks */,
				AD3BA60E2B74178600D115A8 /* Resources */,
			);
			buildRules = (
			);
			dependencies = (
			);
			name = DiceeApp;
			productName = DiceeApp;
			productReference = AD3BA6102B74178600D115A8 /* DiceeApp.app */;
			productType = "com.apple.product-type.application";
		};
/* End PBXNativeTarget section */

/* Begin PBXProject section */
		AD3BA6082B74178600D115A8 /* Project object */ = {
			isa = PBXProject;
			attributes = {
				BuildIndependentTargetsInParallel = 1;
				LastSwiftUpdateCheck = 1430;
				LastUpgradeCheck = 1430;
				TargetAttributes = {
					AD3BA60F2B74178600D115A8 = {
						CreatedOnToolsVersion = 14.3.1;
					};
				};
			};
			buildConfigurationList = AD3BA60B2B74178600D115A8 /* Build configuration list for PBXProject "DiceeApp" */;
			compatibilityVersion = "Xcode 14.0";
			developmentRegion = en;
			hasScannedForEncodings = 0;
			knownRegions = (
				en,
				Base,
			);
			mainGroup = AD3BA6072B74178600D115A8;
			productRefGroup = AD3BA6112B74178600D115A8 /* Products */;
			projectDirPath = "";
			projectRoot = "";
			targets = (
				AD3BA60F2B74178600D115A8 /* DiceeApp */,
			);
		};
/* End PBXProject section */

/* Begin PBXResourcesBuildPhase section */
		AD3BA60E2B74178600D115A8 /* Resources */ = {
			isa = PBXResourcesBuildPhase;
			buildActionMask = 2147483647;
			files = (
				AD3BA6202B74178700D115A8 /* LaunchScreen.storyboard in Resources */,
				AD3BA61D2B74178700D115A8 /* Assets.xcassets in Resources */,
			);
			runOnlyForDeploymentPostprocessing = 0;
		};
/* End PBXResourcesBuildPhase section */

/* Begin PBXSourcesBuildPhase section */
		AD3BA60C2B74178600D115A8 /* Sources */ = {
			isa = PBXSourcesBuildPhase;
			buildActionMask = 2147483647;
			files = (
				AD3BA6182B74178600D115A8 /* MainViewController.swift in Sources */,
				AD3BA6142B74178600D115A8 /* AppDelegate.swift in Sources */,
				AD3BA6332B7527DF00D115A8 /* UIImageView+extension.swift in Sources */,
				AD3BA6362B75287D00D115A8 /* ProjectImage.swift in Sources */,
				AD3BA6302B75272D00D115A8 /* DiceLogoView.swift in Sources */,
				AD3BA6382B752B2F00D115A8 /* DiceView.swift in Sources */,
				AD3BA6162B74178600D115A8 /* SceneDelegate.swift in Sources */,
				AD3BA63A2B752DE500D115A8 /* RollButtonView.swift in Sources */,
			);
			runOnlyForDeploymentPostprocessing = 0;
		};
/* End PBXSourcesBuildPhase section */

/* Begin PBXVariantGroup section */
		AD3BA61E2B74178700D115A8 /* LaunchScreen.storyboard */ = {
			isa = PBXVariantGroup;
			children = (
				AD3BA61F2B74178700D115A8 /* Base */,
			);
			name = LaunchScreen.storyboard;
			sourceTree = "<group>";
		};
/* End PBXVariantGroup section */

/* Begin XCBuildConfiguration section */
		AD3BA6222B74178700D115A8 /* Debug */ = {
			isa = XCBuildConfiguration;
			buildSettings = {
				ALWAYS_SEARCH_USER_PATHS = NO;
				CLANG_ANALYZER_NONNULL = YES;
				CLANG_ANALYZER_NUMBER_OBJECT_CONVERSION = YES_AGGRESSIVE;
				CLANG_CXX_LANGUAGE_STANDARD = "gnu++20";
				CLANG_ENABLE_MODULES = YES;
				CLANG_ENABLE_OBJC_ARC = YES;
				CLANG_ENABLE_OBJC_WEAK = YES;
				CLANG_WARN_BLOCK_CAPTURE_AUTORELEASING = YES;
				CLANG_WARN_BOOL_CONVERSION = YES;
				CLANG_WARN_COMMA = YES;
				CLANG_WARN_CONSTANT_CONVERSION = YES;
				CLANG_WARN_DEPRECATED_OBJC_IMPLEMENTATIONS = YES;
				CLANG_WARN_DIRECT_OBJC_ISA_USAGE = YES_ERROR;
				CLANG_WARN_DOCUMENTATION_COMMENTS = YES;
				CLANG_WARN_EMPTY_BODY = YES;
				CLANG_WARN_ENUM_CONVERSION = YES;
				CLANG_WARN_INFINITE_RECURSION = YES;
				CLANG_WARN_INT_CONVERSION = YES;
				CLANG_WARN_NON_LITERAL_NULL_CONVERSION = YES;
				CLANG_WARN_OBJC_IMPLICIT_RETAIN_SELF = YES;
				CLANG_WARN_OBJC_LITERAL_CONVERSION = YES;
				CLANG_WARN_OBJC_ROOT_CLASS = YES_ERROR;
				CLANG_WARN_QUOTED_INCLUDE_IN_FRAMEWORK_HEADER = YES;
				CLANG_WARN_RANGE_LOOP_ANALYSIS = YES;
				CLANG_WARN_STRICT_PROTOTYPES = YES;
				CLANG_WARN_SUSPICIOUS_MOVE = YES;
				CLANG_WARN_UNGUARDED_AVAILABILITY = YES_AGGRESSIVE;
				CLANG_WARN_UNREACHABLE_CODE = YES;
				CLANG_WARN__DUPLICATE_METHOD_MATCH = YES;
				COPY_PHASE_STRIP = NO;
				DEBUG_INFORMATION_FORMAT = dwarf;
				ENABLE_STRICT_OBJC_MSGSEND = YES;
				ENABLE_TESTABILITY = YES;
				GCC_C_LANGUAGE_STANDARD = gnu11;
				GCC_DYNAMIC_NO_PIC = NO;
				GCC_NO_COMMON_BLOCKS = YES;
				GCC_OPTIMIZATION_LEVEL = 0;
				GCC_PREPROCESSOR_DEFINITIONS = (
					"DEBUG=1",
					"$(inherited)",
				);
				GCC_WARN_64_TO_32_BIT_CONVERSION = YES;
				GCC_WARN_ABOUT_RETURN_TYPE = YES_ERROR;
				GCC_WARN_UNDECLARED_SELECTOR = YES;
				GCC_WARN_UNINITIALIZED_AUTOS = YES_AGGRESSIVE;
				GCC_WARN_UNUSED_FUNCTION = YES;
				GCC_WARN_UNUSED_VARIABLE = YES;
				IPHONEOS_DEPLOYMENT_TARGET = 16.4;
				MTL_ENABLE_DEBUG_INFO = INCLUDE_SOURCE;
				MTL_FAST_MATH = YES;
				ONLY_ACTIVE_ARCH = YES;
				SDKROOT = iphoneos;
				SWIFT_ACTIVE_COMPILATION_CONDITIONS = DEBUG;
				SWIFT_OPTIMIZATION_LEVEL = "-Onone";
			};
			name = Debug;
		};
		AD3BA6232B74178700D115A8 /* Release */ = {
			isa = XCBuildConfiguration;
			buildSettings = {
				ALWAYS_SEARCH_USER_PATHS = NO;
				CLANG_ANALYZER_NONNULL = YES;
				CLANG_ANALYZER_NUMBER_OBJECT_CONVERSION = YES_AGGRESSIVE;
				CLANG_CXX_LANGUAGE_STANDARD = "gnu++20";
				CLANG_ENABLE_MODULES = YES;
				CLANG_ENABLE_OBJC_ARC = YES;
				CLANG_ENABLE_OBJC_WEAK = YES;
				CLANG_WARN_BLOCK_CAPTURE_AUTORELEASING = YES;
				CLANG_WARN_BOOL_CONVERSION = YES;
				CLANG_WARN_COMMA = YES;
				CLANG_WARN_CONSTANT_CONVERSION = YES;
				CLANG_WARN_DEPRECATED_OBJC_IMPLEMENTATIONS = YES;
				CLANG_WARN_DIRECT_OBJC_ISA_USAGE = YES_ERROR;
				CLANG_WARN_DOCUMENTATION_COMMENTS = YES;
				CLANG_WARN_EMPTY_BODY = YES;
				CLANG_WARN_ENUM_CONVERSION = YES;
				CLANG_WARN_INFINITE_RECURSION = YES;
				CLANG_WARN_INT_CONVERSION = YES;
				CLANG_WARN_NON_LITERAL_NULL_CONVERSION = YES;
				CLANG_WARN_OBJC_IMPLICIT_RETAIN_SELF = YES;
				CLANG_WARN_OBJC_LITERAL_CONVERSION = YES;
				CLANG_WARN_OBJC_ROOT_CLASS = YES_ERROR;
				CLANG_WARN_QUOTED_INCLUDE_IN_FRAMEWORK_HEADER = YES;
				CLANG_WARN_RANGE_LOOP_ANALYSIS = YES;
				CLANG_WARN_STRICT_PROTOTYPES = YES;
				CLANG_WARN_SUSPICIOUS_MOVE = YES;
				CLANG_WARN_UNGUARDED_AVAILABILITY = YES_AGGRESSIVE;
				CLANG_WARN_UNREACHABLE_CODE = YES;
				CLANG_WARN__DUPLICATE_METHOD_MATCH = YES;
				COPY_PHASE_STRIP = NO;
				DEBUG_INFORMATION_FORMAT = "dwarf-with-dsym";
				ENABLE_NS_ASSERTIONS = NO;
				ENABLE_STRICT_OBJC_MSGSEND = YES;
				GCC_C_LANGUAGE_STANDARD = gnu11;
				GCC_NO_COMMON_BLOCKS = YES;
				GCC_WARN_64_TO_32_BIT_CONVERSION = YES;
				GCC_WARN_ABOUT_RETURN_TYPE = YES_ERROR;
				GCC_WARN_UNDECLARED_SELECTOR = YES;
				GCC_WARN_UNINITIALIZED_AUTOS = YES_AGGRESSIVE;
				GCC_WARN_UNUSED_FUNCTION = YES;
				GCC_WARN_UNUSED_VARIABLE = YES;
				IPHONEOS_DEPLOYMENT_TARGET = 16.4;
				MTL_ENABLE_DEBUG_INFO = NO;
				MTL_FAST_MATH = YES;
				SDKROOT = iphoneos;
				SWIFT_COMPILATION_MODE = wholemodule;
				SWIFT_OPTIMIZATION_LEVEL = "-O";
				VALIDATE_PRODUCT = YES;
			};
			name = Release;
		};
		AD3BA6252B74178700D115A8 /* Debug */ = {
			isa = XCBuildConfiguration;
			buildSettings = {
				ASSETCATALOG_COMPILER_APPICON_NAME = AppIcon;
				ASSETCATALOG_COMPILER_GLOBAL_ACCENT_COLOR_NAME = AccentColor;
				CODE_SIGN_STYLE = Automatic;
				CURRENT_PROJECT_VERSION = 1;
				GENERATE_INFOPLIST_FILE = YES;
				INFOPLIST_FILE = DiceeApp/SupportingFiles/Info.plist;
				INFOPLIST_KEY_UIApplicationSupportsIndirectInputEvents = YES;
				INFOPLIST_KEY_UILaunchStoryboardName = LaunchScreen;
				INFOPLIST_KEY_UISupportedInterfaceOrientations_iPad = "UIInterfaceOrientationPortrait UIInterfaceOrientationPortraitUpsideDown UIInterfaceOrientationLandscapeLeft UIInterfaceOrientationLandscapeRight";
				INFOPLIST_KEY_UISupportedInterfaceOrientations_iPhone = "UIInterfaceOrientationPortrait UIInterfaceOrientationLandscapeLeft UIInterfaceOrientationLandscapeRight";
				LD_RUNPATH_SEARCH_PATHS = (
					"$(inherited)",
					"@executable_path/Frameworks",
				);
				MARKETING_VERSION = 1.0;
				PRODUCT_BUNDLE_IDENTIFIER = ru.maksimovnick.DiceeApp;
				PRODUCT_NAME = "$(TARGET_NAME)";
				SUPPORTED_PLATFORMS = "iphoneos iphonesimulator";
				SUPPORTS_MACCATALYST = NO;
				SUPPORTS_MAC_DESIGNED_FOR_IPHONE_IPAD = NO;
				SWIFT_EMIT_LOC_STRINGS = YES;
				SWIFT_VERSION = 5.0;
				TARGETED_DEVICE_FAMILY = "1,2";
			};
			name = Debug;
		};
		AD3BA6262B74178700D115A8 /* Release */ = {
			isa = XCBuildConfiguration;
			buildSettings = {
				ASSETCATALOG_COMPILER_APPICON_NAME = AppIcon;
				ASSETCATALOG_COMPILER_GLOBAL_ACCENT_COLOR_NAME = AccentColor;
				CODE_SIGN_STYLE = Automatic;
				CURRENT_PROJECT_VERSION = 1;
				GENERATE_INFOPLIST_FILE = YES;
				INFOPLIST_FILE = DiceeApp/SupportingFiles/Info.plist;
				INFOPLIST_KEY_UIApplicationSupportsIndirectInputEvents = YES;
				INFOPLIST_KEY_UILaunchStoryboardName = LaunchScreen;
				INFOPLIST_KEY_UISupportedInterfaceOrientations_iPad = "UIInterfaceOrientationPortrait UIInterfaceOrientationPortraitUpsideDown UIInterfaceOrientationLandscapeLeft UIInterfaceOrientationLandscapeRight";
				INFOPLIST_KEY_UISupportedInterfaceOrientations_iPhone = "UIInterfaceOrientationPortrait UIInterfaceOrientationLandscapeLeft UIInterfaceOrientationLandscapeRight";
				LD_RUNPATH_SEARCH_PATHS = (
					"$(inherited)",
					"@executable_path/Frameworks",
				);
				MARKETING_VERSION = 1.0;
				PRODUCT_BUNDLE_IDENTIFIER = ru.maksimovnick.DiceeApp;
				PRODUCT_NAME = "$(TARGET_NAME)";
				SUPPORTED_PLATFORMS = "iphoneos iphonesimulator";
				SUPPORTS_MACCATALYST = NO;
				SUPPORTS_MAC_DESIGNED_FOR_IPHONE_IPAD = NO;
				SWIFT_EMIT_LOC_STRINGS = YES;
				SWIFT_VERSION = 5.0;
				TARGETED_DEVICE_FAMILY = "1,2";
			};
			name = Release;
		};
/* End XCBuildConfiguration section */

/* Begin XCConfigurationList section */
		AD3BA60B2B74178600D115A8 /* Build configuration list for PBXProject "DiceeApp" */ = {
			isa = XCConfigurationList;
			buildConfigurations = (
				AD3BA6222B74178700D115A8 /* Debug */,
				AD3BA6232B74178700D115A8 /* Release */,
			);
			defaultConfigurationIsVisible = 0;
			defaultConfigurationName = Release;
		};
		AD3BA6242B74178700D115A8 /* Build configuration list for PBXNativeTarget "DiceeApp" */ = {
			isa = XCConfigurationList;
			buildConfigurations = (
				AD3BA6252B74178700D115A8 /* Debug */,
				AD3BA6262B74178700D115A8 /* Release */,
			);
			defaultConfigurationIsVisible = 0;
			defaultConfigurationName = Release;
		};
/* End XCConfigurationList section */
	};
	rootObject = AD3BA6082B74178600D115A8 /* Project object */;
}
