// !$*UTF8*$!
{
	archiveVersion = 1;
	classes = {
	};
	objectVersion = 56;
	objects = {

/* Begin PBXBuildFile section */
		ADB8BFC02B7AA89D00B740C6 /* AppDelegate.swift in Sources */ = {isa = PBXBuildFile; fileRef = ADB8BFBF2B7AA89D00B740C6 /* AppDelegate.swift */; };
		ADB8BFC22B7AA89D00B740C6 /* SceneDelegate.swift in Sources */ = {isa = PBXBuildFile; fileRef = ADB8BFC12B7AA89D00B740C6 /* SceneDelegate.swift */; };
		ADB8BFC92B7AA89E00B740C6 /* Assets.xcassets in Resources */ = {isa = PBXBuildFile; fileRef = ADB8BFC82B7AA89E00B740C6 /* Assets.xcassets */; };
		ADB8BFCC2B7AA89E00B740C6 /* LaunchScreen.storyboard in Resources */ = {isa = PBXBuildFile; fileRef = ADB8BFCA2B7AA89E00B740C6 /* LaunchScreen.storyboard */; };
		ADB8BFD82B7AA95400B740C6 /* EggViewController.swift in Sources */ = {isa = PBXBuildFile; fileRef = ADB8BFD72B7AA95400B740C6 /* EggViewController.swift */; };
		ADB8BFDB2B7AAB2300B740C6 /* alarm_sound.mp3 in Resources */ = {isa = PBXBuildFile; fileRef = ADB8BFDA2B7AAB2300B740C6 /* alarm_sound.mp3 */; };
/* End PBXBuildFile section */

/* Begin PBXFileReference section */
		ADB8BFBC2B7AA89D00B740C6 /* EggTimerApp.app */ = {isa = PBXFileReference; explicitFileType = wrapper.application; includeInIndex = 0; path = EggTimerApp.app; sourceTree = BUILT_PRODUCTS_DIR; };
		ADB8BFBF2B7AA89D00B740C6 /* AppDelegate.swift */ = {isa = PBXFileReference; lastKnownFileType = sourcecode.swift; path = AppDelegate.swift; sourceTree = "<group>"; };
		ADB8BFC12B7AA89D00B740C6 /* SceneDelegate.swift */ = {isa = PBXFileReference; lastKnownFileType = sourcecode.swift; path = SceneDelegate.swift; sourceTree = "<group>"; };
		ADB8BFC82B7AA89E00B740C6 /* Assets.xcassets */ = {isa = PBXFileReference; lastKnownFileType = folder.assetcatalog; path = Assets.xcassets; sourceTree = "<group>"; };
		ADB8BFCB2B7AA89E00B740C6 /* Base */ = {isa = PBXFileReference; lastKnownFileType = file.storyboard; name = Base; path = Base.lproj/LaunchScreen.storyboard; sourceTree = "<group>"; };
		ADB8BFCD2B7AA89E00B740C6 /* Info.plist */ = {isa = PBXFileReference; lastKnownFileType = text.plist.xml; path = Info.plist; sourceTree = "<group>"; };
		ADB8BFD72B7AA95400B740C6 /* EggViewController.swift */ = {isa = PBXFileReference; lastKnownFileType = sourcecode.swift; path = EggViewController.swift; sourceTree = "<group>"; };
		ADB8BFDA2B7AAB2300B740C6 /* alarm_sound.mp3 */ = {isa = PBXFileReference; lastKnownFileType = audio.mp3; path = alarm_sound.mp3; sourceTree = "<group>"; };
/* End PBXFileReference section */

/* Begin PBXFrameworksBuildPhase section */
		ADB8BFB92B7AA89D00B740C6 /* Frameworks */ = {
			isa = PBXFrameworksBuildPhase;
			buildActionMask = 2147483647;
			files = (
			);
			runOnlyForDeploymentPostprocessing = 0;
		};
/* End PBXFrameworksBuildPhase section */

/* Begin PBXGroup section */
		ADB8BFB32B7AA89D00B740C6 = {
			isa = PBXGroup;
			children = (
				ADB8BFBE2B7AA89D00B740C6 /* EggTimerApp */,
				ADB8BFBD2B7AA89D00B740C6 /* Products */,
			);
			sourceTree = "<group>";
		};
		ADB8BFBD2B7AA89D00B740C6 /* Products */ = {
			isa = PBXGroup;
			children = (
				ADB8BFBC2B7AA89D00B740C6 /* EggTimerApp.app */,
			);
			name = Products;
			sourceTree = "<group>";
		};
		ADB8BFBE2B7AA89D00B740C6 /* EggTimerApp */ = {
			isa = PBXGroup;
			children = (
				ADB8BFD32B7AA8A600B740C6 /* Application */,
				ADB8BFD42B7AA8AF00B740C6 /* ViewControllers */,
				ADB8BFD52B7AA8B800B740C6 /* Resources */,
				ADB8BFD92B7AAADF00B740C6 /* Sounds */,
				ADB8BFD62B7AA8C200B740C6 /* SupportingFiles */,
			);
			path = EggTimerApp;
			sourceTree = "<group>";
		};
		ADB8BFD32B7AA8A600B740C6 /* Application */ = {
			isa = PBXGroup;
			children = (
				ADB8BFBF2B7AA89D00B740C6 /* AppDelegate.swift */,
				ADB8BFC12B7AA89D00B740C6 /* SceneDelegate.swift */,
			);
			path = Application;
			sourceTree = "<group>";
		};
		ADB8BFD42B7AA8AF00B740C6 /* ViewControllers */ = {
			isa = PBXGroup;
			children = (
				ADB8BFD72B7AA95400B740C6 /* EggViewController.swift */,
			);
			path = ViewControllers;
			sourceTree = "<group>";
		};
		ADB8BFD52B7AA8B800B740C6 /* Resources */ = {
			isa = PBXGroup;
			children = (
				ADB8BFC82B7AA89E00B740C6 /* Assets.xcassets */,
			);
			path = Resources;
			sourceTree = "<group>";
		};
		ADB8BFD62B7AA8C200B740C6 /* SupportingFiles */ = {
			isa = PBXGroup;
			children = (
				ADB8BFCA2B7AA89E00B740C6 /* LaunchScreen.storyboard */,
				ADB8BFCD2B7AA89E00B740C6 /* Info.plist */,
			);
			path = SupportingFiles;
			sourceTree = "<group>";
		};
		ADB8BFD92B7AAADF00B740C6 /* Sounds */ = {
			isa = PBXGroup;
			children = (
				ADB8BFDA2B7AAB2300B740C6 /* alarm_sound.mp3 */,
			);
			path = Sounds;
			sourceTree = "<group>";
		};
/* End PBXGroup section */

/* Begin PBXNativeTarget section */
		ADB8BFBB2B7AA89D00B740C6 /* EggTimerApp */ = {
			isa = PBXNativeTarget;
			buildConfigurationList = ADB8BFD02B7AA89E00B740C6 /* Build configuration list for PBXNativeTarget "EggTimerApp" */;
			buildPhases = (
				ADB8BFB82B7AA89D00B740C6 /* Sources */,
				ADB8BFB92B7AA89D00B740C6 /* Frameworks */,
				ADB8BFBA2B7AA89D00B740C6 /* Resources */,
			);
			buildRules = (
			);
			dependencies = (
			);
			name = EggTimerApp;
			productName = EggTimerApp;
			productReference = ADB8BFBC2B7AA89D00B740C6 /* EggTimerApp.app */;
			productType = "com.apple.product-type.application";
		};
/* End PBXNativeTarget section */

/* Begin PBXProject section */
		ADB8BFB42B7AA89D00B740C6 /* Project object */ = {
			isa = PBXProject;
			attributes = {
				BuildIndependentTargetsInParallel = 1;
				LastSwiftUpdateCheck = 1430;
				LastUpgradeCheck = 1430;
				TargetAttributes = {
					ADB8BFBB2B7AA89D00B740C6 = {
						CreatedOnToolsVersion = 14.3.1;
					};
				};
			};
			buildConfigurationList = ADB8BFB72B7AA89D00B740C6 /* Build configuration list for PBXProject "EggTimerApp" */;
			compatibilityVersion = "Xcode 14.0";
			developmentRegion = en;
			hasScannedForEncodings = 0;
			knownRegions = (
				en,
				Base,
			);
			mainGroup = ADB8BFB32B7AA89D00B740C6;
			productRefGroup = ADB8BFBD2B7AA89D00B740C6 /* Products */;
			projectDirPath = "";
			projectRoot = "";
			targets = (
				ADB8BFBB2B7AA89D00B740C6 /* EggTimerApp */,
			);
		};
/* End PBXProject section */

/* Begin PBXResourcesBuildPhase section */
		ADB8BFBA2B7AA89D00B740C6 /* Resources */ = {
			isa = PBXResourcesBuildPhase;
			buildActionMask = 2147483647;
			files = (
				ADB8BFCC2B7AA89E00B740C6 /* LaunchScreen.storyboard in Resources */,
				ADB8BFDB2B7AAB2300B740C6 /* alarm_sound.mp3 in Resources */,
				ADB8BFC92B7AA89E00B740C6 /* Assets.xcassets in Resources */,
			);
			runOnlyForDeploymentPostprocessing = 0;
		};
/* End PBXResourcesBuildPhase section */

/* Begin PBXSourcesBuildPhase section */
		ADB8BFB82B7AA89D00B740C6 /* Sources */ = {
			isa = PBXSourcesBuildPhase;
			buildActionMask = 2147483647;
			files = (
				ADB8BFC02B7AA89D00B740C6 /* AppDelegate.swift in Sources */,
				ADB8BFD82B7AA95400B740C6 /* EggViewController.swift in Sources */,
				ADB8BFC22B7AA89D00B740C6 /* SceneDelegate.swift in Sources */,
			);
			runOnlyForDeploymentPostprocessing = 0;
		};
/* End PBXSourcesBuildPhase section */

/* Begin PBXVariantGroup section */
		ADB8BFCA2B7AA89E00B740C6 /* LaunchScreen.storyboard */ = {
			isa = PBXVariantGroup;
			children = (
				ADB8BFCB2B7AA89E00B740C6 /* Base */,
			);
			name = LaunchScreen.storyboard;
			sourceTree = "<group>";
		};
/* End PBXVariantGroup section */

/* Begin XCBuildConfiguration section */
		ADB8BFCE2B7AA89E00B740C6 /* Debug */ = {
			isa = XCBuildConfiguration;
			buildSettings = {
				ALWAYS_SEARCH_USER_PATHS = NO;
				CLANG_ANALYZER_NONNULL = YES;
				CLANG_ANALYZER_NUMBER_OBJECT_CONVERSION = YES_AGGRESSIVE;
				CLANG_CXX_LANGUAGE_STANDARD = "gnu++20";
				CLANG_ENABLE_MODULES = YES;
				CLANG_ENABLE_OBJC_ARC = YES;
				CLANG_ENABLE_OBJC_WEAK = YES;
				CLANG_WARN_BLOCK_CAPTURE_AUTORELEASING = YES;
				CLANG_WARN_BOOL_CONVERSION = YES;
				CLANG_WARN_COMMA = YES;
				CLANG_WARN_CONSTANT_CONVERSION = YES;
				CLANG_WARN_DEPRECATED_OBJC_IMPLEMENTATIONS = YES;
				CLANG_WARN_DIRECT_OBJC_ISA_USAGE = YES_ERROR;
				CLANG_WARN_DOCUMENTATION_COMMENTS = YES;
				CLANG_WARN_EMPTY_BODY = YES;
				CLANG_WARN_ENUM_CONVERSION = YES;
				CLANG_WARN_INFINITE_RECURSION = YES;
				CLANG_WARN_INT_CONVERSION = YES;
				CLANG_WARN_NON_LITERAL_NULL_CONVERSION = YES;
				CLANG_WARN_OBJC_IMPLICIT_RETAIN_SELF = YES;
				CLANG_WARN_OBJC_LITERAL_CONVERSION = YES;
				CLANG_WARN_OBJC_ROOT_CLASS = YES_ERROR;
				CLANG_WARN_QUOTED_INCLUDE_IN_FRAMEWORK_HEADER = YES;
				CLANG_WARN_RANGE_LOOP_ANALYSIS = YES;
				CLANG_WARN_STRICT_PROTOTYPES = YES;
				CLANG_WARN_SUSPICIOUS_MOVE = YES;
				CLANG_WARN_UNGUARDED_AVAILABILITY = YES_AGGRESSIVE;
				CLANG_WARN_UNREACHABLE_CODE = YES;
				CLANG_WARN__DUPLICATE_METHOD_MATCH = YES;
				COPY_PHASE_STRIP = NO;
				DEBUG_INFORMATION_FORMAT = dwarf;
				ENABLE_STRICT_OBJC_MSGSEND = YES;
				ENABLE_TESTABILITY = YES;
				GCC_C_LANGUAGE_STANDARD = gnu11;
				GCC_DYNAMIC_NO_PIC = NO;
				GCC_NO_COMMON_BLOCKS = YES;
				GCC_OPTIMIZATION_LEVEL = 0;
				GCC_PREPROCESSOR_DEFINITIONS = (
					"DEBUG=1",
					"$(inherited)",
				);
				GCC_WARN_64_TO_32_BIT_CONVERSION = YES;
				GCC_WARN_ABOUT_RETURN_TYPE = YES_ERROR;
				GCC_WARN_UNDECLARED_SELECTOR = YES;
				GCC_WARN_UNINITIALIZED_AUTOS = YES_AGGRESSIVE;
				GCC_WARN_UNUSED_FUNCTION = YES;
				GCC_WARN_UNUSED_VARIABLE = YES;
				IPHONEOS_DEPLOYMENT_TARGET = 16.4;
				MTL_ENABLE_DEBUG_INFO = INCLUDE_SOURCE;
				MTL_FAST_MATH = YES;
				ONLY_ACTIVE_ARCH = YES;
				SDKROOT = iphoneos;
				SWIFT_ACTIVE_COMPILATION_CONDITIONS = DEBUG;
				SWIFT_OPTIMIZATION_LEVEL = "-Onone";
			};
			name = Debug;
		};
		ADB8BFCF2B7AA89E00B740C6 /* Release */ = {
			isa = XCBuildConfiguration;
			buildSettings = {
				ALWAYS_SEARCH_USER_PATHS = NO;
				CLANG_ANALYZER_NONNULL = YES;
				CLANG_ANALYZER_NUMBER_OBJECT_CONVERSION = YES_AGGRESSIVE;
				CLANG_CXX_LANGUAGE_STANDARD = "gnu++20";
				CLANG_ENABLE_MODULES = YES;
				CLANG_ENABLE_OBJC_ARC = YES;
				CLANG_ENABLE_OBJC_WEAK = YES;
				CLANG_WARN_BLOCK_CAPTURE_AUTORELEASING = YES;
				CLANG_WARN_BOOL_CONVERSION = YES;
				CLANG_WARN_COMMA = YES;
				CLANG_WARN_CONSTANT_CONVERSION = YES;
				CLANG_WARN_DEPRECATED_OBJC_IMPLEMENTATIONS = YES;
				CLANG_WARN_DIRECT_OBJC_ISA_USAGE = YES_ERROR;
				CLANG_WARN_DOCUMENTATION_COMMENTS = YES;
				CLANG_WARN_EMPTY_BODY = YES;
				CLANG_WARN_ENUM_CONVERSION = YES;
				CLANG_WARN_INFINITE_RECURSION = YES;
				CLANG_WARN_INT_CONVERSION = YES;
				CLANG_WARN_NON_LITERAL_NULL_CONVERSION = YES;
				CLANG_WARN_OBJC_IMPLICIT_RETAIN_SELF = YES;
				CLANG_WARN_OBJC_LITERAL_CONVERSION = YES;
				CLANG_WARN_OBJC_ROOT_CLASS = YES_ERROR;
				CLANG_WARN_QUOTED_INCLUDE_IN_FRAMEWORK_HEADER = YES;
				CLANG_WARN_RANGE_LOOP_ANALYSIS = YES;
				CLANG_WARN_STRICT_PROTOTYPES = YES;
				CLANG_WARN_SUSPICIOUS_MOVE = YES;
				CLANG_WARN_UNGUARDED_AVAILABILITY = YES_AGGRESSIVE;
				CLANG_WARN_UNREACHABLE_CODE = YES;
				CLANG_WARN__DUPLICATE_METHOD_MATCH = YES;
				COPY_PHASE_STRIP = NO;
				DEBUG_INFORMATION_FORMAT = "dwarf-with-dsym";
				ENABLE_NS_ASSERTIONS = NO;
				ENABLE_STRICT_OBJC_MSGSEND = YES;
				GCC_C_LANGUAGE_STANDARD = gnu11;
				GCC_NO_COMMON_BLOCKS = YES;
				GCC_WARN_64_TO_32_BIT_CONVERSION = YES;
				GCC_WARN_ABOUT_RETURN_TYPE = YES_ERROR;
				GCC_WARN_UNDECLARED_SELECTOR = YES;
				GCC_WARN_UNINITIALIZED_AUTOS = YES_AGGRESSIVE;
				GCC_WARN_UNUSED_FUNCTION = YES;
				GCC_WARN_UNUSED_VARIABLE = YES;
				IPHONEOS_DEPLOYMENT_TARGET = 16.4;
				MTL_ENABLE_DEBUG_INFO = NO;
				MTL_FAST_MATH = YES;
				SDKROOT = iphoneos;
				SWIFT_COMPILATION_MODE = wholemodule;
				SWIFT_OPTIMIZATION_LEVEL = "-O";
				VALIDATE_PRODUCT = YES;
			};
			name = Release;
		};
		ADB8BFD12B7AA89E00B740C6 /* Debug */ = {
			isa = XCBuildConfiguration;
			buildSettings = {
				ASSETCATALOG_COMPILER_APPICON_NAME = AppIcon;
				ASSETCATALOG_COMPILER_GLOBAL_ACCENT_COLOR_NAME = AccentColor;
				CODE_SIGN_STYLE = Automatic;
				CURRENT_PROJECT_VERSION = 1;
				GENERATE_INFOPLIST_FILE = YES;
				INFOPLIST_FILE = EggTimerApp/SupportingFiles/Info.plist;
				INFOPLIST_KEY_UIApplicationSupportsIndirectInputEvents = YES;
				INFOPLIST_KEY_UILaunchStoryboardName = LaunchScreen;
				INFOPLIST_KEY_UISupportedInterfaceOrientations_iPad = "UIInterfaceOrientationPortrait UIInterfaceOrientationPortraitUpsideDown UIInterfaceOrientationLandscapeLeft UIInterfaceOrientationLandscapeRight";
				INFOPLIST_KEY_UISupportedInterfaceOrientations_iPhone = "UIInterfaceOrientationPortrait UIInterfaceOrientationLandscapeLeft UIInterfaceOrientationLandscapeRight";
				LD_RUNPATH_SEARCH_PATHS = (
					"$(inherited)",
					"@executable_path/Frameworks",
				);
				MARKETING_VERSION = 1.0;
				PRODUCT_BUNDLE_IDENTIFIER = ru.maksimovnick.EggTimerApp;
				PRODUCT_NAME = "$(TARGET_NAME)";
				SWIFT_EMIT_LOC_STRINGS = YES;
				SWIFT_VERSION = 5.0;
				TARGETED_DEVICE_FAMILY = "1,2";
			};
			name = Debug;
		};
		ADB8BFD22B7AA89E00B740C6 /* Release */ = {
			isa = XCBuildConfiguration;
			buildSettings = {
				ASSETCATALOG_COMPILER_APPICON_NAME = AppIcon;
				ASSETCATALOG_COMPILER_GLOBAL_ACCENT_COLOR_NAME = AccentColor;
				CODE_SIGN_STYLE = Automatic;
				CURRENT_PROJECT_VERSION = 1;
				GENERATE_INFOPLIST_FILE = YES;
				INFOPLIST_FILE = EggTimerApp/SupportingFiles/Info.plist;
				INFOPLIST_KEY_UIApplicationSupportsIndirectInputEvents = YES;
				INFOPLIST_KEY_UILaunchStoryboardName = LaunchScreen;
				INFOPLIST_KEY_UISupportedInterfaceOrientations_iPad = "UIInterfaceOrientationPortrait UIInterfaceOrientationPortraitUpsideDown UIInterfaceOrientationLandscapeLeft UIInterfaceOrientationLandscapeRight";
				INFOPLIST_KEY_UISupportedInterfaceOrientations_iPhone = "UIInterfaceOrientationPortrait UIInterfaceOrientationLandscapeLeft UIInterfaceOrientationLandscapeRight";
				LD_RUNPATH_SEARCH_PATHS = (
					"$(inherited)",
					"@executable_path/Frameworks",
				);
				MARKETING_VERSION = 1.0;
				PRODUCT_BUNDLE_IDENTIFIER = ru.maksimovnick.EggTimerApp;
				PRODUCT_NAME = "$(TARGET_NAME)";
				SWIFT_EMIT_LOC_STRINGS = YES;
				SWIFT_VERSION = 5.0;
				TARGETED_DEVICE_FAMILY = "1,2";
			};
			name = Release;
		};
/* End XCBuildConfiguration section */

/* Begin XCConfigurationList section */
		ADB8BFB72B7AA89D00B740C6 /* Build configuration list for PBXProject "EggTimerApp" */ = {
			isa = XCConfigurationList;
			buildConfigurations = (
				ADB8BFCE2B7AA89E00B740C6 /* Debug */,
				ADB8BFCF2B7AA89E00B740C6 /* Release */,
			);
			defaultConfigurationIsVisible = 0;
			defaultConfigurationName = Release;
		};
		ADB8BFD02B7AA89E00B740C6 /* Build configuration list for PBXNativeTarget "EggTimerApp" */ = {
			isa = XCConfigurationList;
			buildConfigurations = (
				ADB8BFD12B7AA89E00B740C6 /* Debug */,
				ADB8BFD22B7AA89E00B740C6 /* Release */,
			);
			defaultConfigurationIsVisible = 0;
			defaultConfigurationName = Release;
		};
/* End XCConfigurationList section */
	};
	rootObject = ADB8BFB42B7AA89D00B740C6 /* Project object */;
}
